// !$*UTF8*$!
{
	archiveVersion = 1;
	classes = {
	};
	objectVersion = 56;
	objects = {

/* Begin PBXBuildFile section */
		E8BD18912C60E8EC00D95FD6 /* ExpenseTrackerApp.swift in Sources */ = {isa = PBXBuildFile; fileRef = E8BD18902C60E8EC00D95FD6 /* ExpenseTrackerApp.swift */; };
		E8BD18932C60E8EC00D95FD6 /* ContentView.swift in Sources */ = {isa = PBXBuildFile; fileRef = E8BD18922C60E8EC00D95FD6 /* ContentView.swift */; };
		E8BD18952C60E8EE00D95FD6 /* Assets.xcassets in Resources */ = {isa = PBXBuildFile; fileRef = E8BD18942C60E8EE00D95FD6 /* Assets.xcassets */; };
		E8BD18982C60E8EE00D95FD6 /* Preview Assets.xcassets in Resources */ = {isa = PBXBuildFile; fileRef = E8BD18972C60E8EE00D95FD6 /* Preview Assets.xcassets */; };
		E8BD18A22C60E98700D95FD6 /* IntroView.swift in Sources */ = {isa = PBXBuildFile; fileRef = E8BD18A12C60E98700D95FD6 /* IntroView.swift */; };
		E8BD18A52C60ECC000D95FD6 /* Constants.swift in Sources */ = {isa = PBXBuildFile; fileRef = E8BD18A42C60ECC000D95FD6 /* Constants.swift */; };
		E8BD18A72C60F0B200D95FD6 /* Tab.swift in Sources */ = {isa = PBXBuildFile; fileRef = E8BD18A62C60F0B200D95FD6 /* Tab.swift */; };
		E8BD18A92C60FBD500D95FD6 /* Category.swift in Sources */ = {isa = PBXBuildFile; fileRef = E8BD18A82C60FBD500D95FD6 /* Category.swift */; };
		E8BD18AB2C60FC2300D95FD6 /* Transaction.swift in Sources */ = {isa = PBXBuildFile; fileRef = E8BD18AA2C60FC2300D95FD6 /* Transaction.swift */; };
		E8BD18AD2C60FCCE00D95FD6 /* TintColor.swift in Sources */ = {isa = PBXBuildFile; fileRef = E8BD18AC2C60FCCE00D95FD6 /* TintColor.swift */; };
		E8BD18B02C60FEF200D95FD6 /* Recents.swift in Sources */ = {isa = PBXBuildFile; fileRef = E8BD18AF2C60FEF200D95FD6 /* Recents.swift */; };
		E8BD18B22C60FF0500D95FD6 /* Search.swift in Sources */ = {isa = PBXBuildFile; fileRef = E8BD18B12C60FF0500D95FD6 /* Search.swift */; };
		E8BD18B42C60FF3800D95FD6 /* Graphs.swift in Sources */ = {isa = PBXBuildFile; fileRef = E8BD18B32C60FF3800D95FD6 /* Graphs.swift */; };
		E8BD18B62C60FF4500D95FD6 /* Settings.swift in Sources */ = {isa = PBXBuildFile; fileRef = E8BD18B52C60FF4500D95FD6 /* Settings.swift */; };
		E8BD18B82C61014B00D95FD6 /* View+Extenstions.swift in Sources */ = {isa = PBXBuildFile; fileRef = E8BD18B72C61014B00D95FD6 /* View+Extenstions.swift */; };
		E8BD18BA2C6244CC00D95FD6 /* Date+Extension.swift in Sources */ = {isa = PBXBuildFile; fileRef = E8BD18B92C6244CC00D95FD6 /* Date+Extension.swift */; };
		E8BD18BD2C6247E900D95FD6 /* CardView.swift in Sources */ = {isa = PBXBuildFile; fileRef = E8BD18BC2C6247E900D95FD6 /* CardView.swift */; };
		E8BD18BF2C62559200D95FD6 /* TransactionCardView.swift in Sources */ = {isa = PBXBuildFile; fileRef = E8BD18BE2C62559200D95FD6 /* TransactionCardView.swift */; };
		E8BD18C12C625DF800D95FD6 /* CustomSwipeActions.swift in Sources */ = {isa = PBXBuildFile; fileRef = E8BD18C02C625DF800D95FD6 /* CustomSwipeActions.swift */; };
		E8BD18C32C62BE2500D95FD6 /* DateFilterView.swift in Sources */ = {isa = PBXBuildFile; fileRef = E8BD18C22C62BE2500D95FD6 /* DateFilterView.swift */; };
		E8BD18C52C638E8600D95FD6 /* LockView.swift in Sources */ = {isa = PBXBuildFile; fileRef = E8BD18C42C638E8600D95FD6 /* LockView.swift */; };
		E8BD18C72C64D83800D95FD6 /* NewExpenseView.swift in Sources */ = {isa = PBXBuildFile; fileRef = E8BD18C62C64D83800D95FD6 /* NewExpenseView.swift */; };
		E8BD18C92C6524A100D95FD6 /* FilterExpenseView.swift in Sources */ = {isa = PBXBuildFile; fileRef = E8BD18C82C6524A100D95FD6 /* FilterExpenseView.swift */; };
/* End PBXBuildFile section */

/* Begin PBXFileReference section */
		E8BD188D2C60E8EC00D95FD6 /* ExpenseTracker.app */ = {isa = PBXFileReference; explicitFileType = wrapper.application; includeInIndex = 0; path = ExpenseTracker.app; sourceTree = BUILT_PRODUCTS_DIR; };
		E8BD18902C60E8EC00D95FD6 /* ExpenseTrackerApp.swift */ = {isa = PBXFileReference; lastKnownFileType = sourcecode.swift; path = ExpenseTrackerApp.swift; sourceTree = "<group>"; };
		E8BD18922C60E8EC00D95FD6 /* ContentView.swift */ = {isa = PBXFileReference; lastKnownFileType = sourcecode.swift; path = ContentView.swift; sourceTree = "<group>"; };
		E8BD18942C60E8EE00D95FD6 /* Assets.xcassets */ = {isa = PBXFileReference; lastKnownFileType = folder.assetcatalog; path = Assets.xcassets; sourceTree = "<group>"; };
		E8BD18972C60E8EE00D95FD6 /* Preview Assets.xcassets */ = {isa = PBXFileReference; lastKnownFileType = folder.assetcatalog; path = "Preview Assets.xcassets"; sourceTree = "<group>"; };
		E8BD18A12C60E98700D95FD6 /* IntroView.swift */ = {isa = PBXFileReference; lastKnownFileType = sourcecode.swift; path = IntroView.swift; sourceTree = "<group>"; };
		E8BD18A42C60ECC000D95FD6 /* Constants.swift */ = {isa = PBXFileReference; lastKnownFileType = sourcecode.swift; path = Constants.swift; sourceTree = "<group>"; };
		E8BD18A62C60F0B200D95FD6 /* Tab.swift */ = {isa = PBXFileReference; lastKnownFileType = sourcecode.swift; path = Tab.swift; sourceTree = "<group>"; };
		E8BD18A82C60FBD500D95FD6 /* Category.swift */ = {isa = PBXFileReference; lastKnownFileType = sourcecode.swift; path = Category.swift; sourceTree = "<group>"; };
		E8BD18AA2C60FC2300D95FD6 /* Transaction.swift */ = {isa = PBXFileReference; lastKnownFileType = sourcecode.swift; path = Transaction.swift; sourceTree = "<group>"; };
		E8BD18AC2C60FCCE00D95FD6 /* TintColor.swift */ = {isa = PBXFileReference; lastKnownFileType = sourcecode.swift; path = TintColor.swift; sourceTree = "<group>"; };
		E8BD18AF2C60FEF200D95FD6 /* Recents.swift */ = {isa = PBXFileReference; lastKnownFileType = sourcecode.swift; path = Recents.swift; sourceTree = "<group>"; };
		E8BD18B12C60FF0500D95FD6 /* Search.swift */ = {isa = PBXFileReference; lastKnownFileType = sourcecode.swift; path = Search.swift; sourceTree = "<group>"; };
		E8BD18B32C60FF3800D95FD6 /* Graphs.swift */ = {isa = PBXFileReference; lastKnownFileType = sourcecode.swift; path = Graphs.swift; sourceTree = "<group>"; };
		E8BD18B52C60FF4500D95FD6 /* Settings.swift */ = {isa = PBXFileReference; lastKnownFileType = sourcecode.swift; path = Settings.swift; sourceTree = "<group>"; };
		E8BD18B72C61014B00D95FD6 /* View+Extenstions.swift */ = {isa = PBXFileReference; lastKnownFileType = sourcecode.swift; path = "View+Extenstions.swift"; sourceTree = "<group>"; };
		E8BD18B92C6244CC00D95FD6 /* Date+Extension.swift */ = {isa = PBXFileReference; lastKnownFileType = sourcecode.swift; path = "Date+Extension.swift"; sourceTree = "<group>"; };
		E8BD18BC2C6247E900D95FD6 /* CardView.swift */ = {isa = PBXFileReference; lastKnownFileType = sourcecode.swift; path = CardView.swift; sourceTree = "<group>"; };
		E8BD18BE2C62559200D95FD6 /* TransactionCardView.swift */ = {isa = PBXFileReference; lastKnownFileType = sourcecode.swift; path = TransactionCardView.swift; sourceTree = "<group>"; };
		E8BD18C02C625DF800D95FD6 /* CustomSwipeActions.swift */ = {isa = PBXFileReference; lastKnownFileType = sourcecode.swift; path = CustomSwipeActions.swift; sourceTree = "<group>"; };
		E8BD18C22C62BE2500D95FD6 /* DateFilterView.swift */ = {isa = PBXFileReference; lastKnownFileType = sourcecode.swift; path = DateFilterView.swift; sourceTree = "<group>"; };
		E8BD18C42C638E8600D95FD6 /* LockView.swift */ = {isa = PBXFileReference; lastKnownFileType = sourcecode.swift; path = LockView.swift; sourceTree = "<group>"; };
		E8BD18C62C64D83800D95FD6 /* NewExpenseView.swift */ = {isa = PBXFileReference; lastKnownFileType = sourcecode.swift; path = NewExpenseView.swift; sourceTree = "<group>"; };
		E8BD18C82C6524A100D95FD6 /* FilterExpenseView.swift */ = {isa = PBXFileReference; lastKnownFileType = sourcecode.swift; path = FilterExpenseView.swift; sourceTree = "<group>"; };
/* End PBXFileReference section */

/* Begin PBXFrameworksBuildPhase section */
		E8BD188A2C60E8EC00D95FD6 /* Frameworks */ = {
			isa = PBXFrameworksBuildPhase;
			buildActionMask = 2147483647;
			files = (
			);
			runOnlyForDeploymentPostprocessing = 0;
		};
/* End PBXFrameworksBuildPhase section */

/* Begin PBXGroup section */
		E8BD18842C60E8EC00D95FD6 = {
			isa = PBXGroup;
			children = (
				E8BD188F2C60E8EC00D95FD6 /* ExpenseTracker */,
				E8BD188E2C60E8EC00D95FD6 /* Products */,
			);
			sourceTree = "<group>";
		};
		E8BD188E2C60E8EC00D95FD6 /* Products */ = {
			isa = PBXGroup;
			children = (
				E8BD188D2C60E8EC00D95FD6 /* ExpenseTracker.app */,
			);
			name = Products;
			sourceTree = "<group>";
		};
		E8BD188F2C60E8EC00D95FD6 /* ExpenseTracker */ = {
			isa = PBXGroup;
			children = (
				E8BD18A32C60ECAC00D95FD6 /* Helpers */,
				E8BD189F2C60E96400D95FD6 /* Models */,
				E8BD189E2C60E96000D95FD6 /* Views */,
				E8BD18902C60E8EC00D95FD6 /* ExpenseTrackerApp.swift */,
				E8BD18922C60E8EC00D95FD6 /* ContentView.swift */,
				E8BD18942C60E8EE00D95FD6 /* Assets.xcassets */,
				E8BD18962C60E8EE00D95FD6 /* Preview Content */,
			);
			path = ExpenseTracker;
			sourceTree = "<group>";
		};
		E8BD18962C60E8EE00D95FD6 /* Preview Content */ = {
			isa = PBXGroup;
			children = (
				E8BD18972C60E8EE00D95FD6 /* Preview Assets.xcassets */,
			);
			path = "Preview Content";
			sourceTree = "<group>";
		};
		E8BD189E2C60E96000D95FD6 /* Views */ = {
			isa = PBXGroup;
			children = (
				E8BD18BB2C6247CA00D95FD6 /* Helpers */,
				E8BD18AE2C60FEE300D95FD6 /* TabViews */,
				E8BD18A12C60E98700D95FD6 /* IntroView.swift */,
				E8BD18C62C64D83800D95FD6 /* NewExpenseView.swift */,
			);
			path = Views;
			sourceTree = "<group>";
		};
		E8BD189F2C60E96400D95FD6 /* Models */ = {
			isa = PBXGroup;
			children = (
				E8BD18A62C60F0B200D95FD6 /* Tab.swift */,
				E8BD18A82C60FBD500D95FD6 /* Category.swift */,
				E8BD18AA2C60FC2300D95FD6 /* Transaction.swift */,
				E8BD18AC2C60FCCE00D95FD6 /* TintColor.swift */,
			);
			path = Models;
			sourceTree = "<group>";
		};
		E8BD18A32C60ECAC00D95FD6 /* Helpers */ = {
			isa = PBXGroup;
			children = (
				E8BD18A42C60ECC000D95FD6 /* Constants.swift */,
				E8BD18B72C61014B00D95FD6 /* View+Extenstions.swift */,
				E8BD18B92C6244CC00D95FD6 /* Date+Extension.swift */,
			);
			path = Helpers;
			sourceTree = "<group>";
		};
		E8BD18AE2C60FEE300D95FD6 /* TabViews */ = {
			isa = PBXGroup;
			children = (
				E8BD18AF2C60FEF200D95FD6 /* Recents.swift */,
				E8BD18B12C60FF0500D95FD6 /* Search.swift */,
				E8BD18B32C60FF3800D95FD6 /* Graphs.swift */,
				E8BD18B52C60FF4500D95FD6 /* Settings.swift */,
			);
			path = TabViews;
			sourceTree = "<group>";
		};
		E8BD18BB2C6247CA00D95FD6 /* Helpers */ = {
			isa = PBXGroup;
			children = (
				E8BD18BC2C6247E900D95FD6 /* CardView.swift */,
				E8BD18BE2C62559200D95FD6 /* TransactionCardView.swift */,
				E8BD18C02C625DF800D95FD6 /* CustomSwipeActions.swift */,
				E8BD18C22C62BE2500D95FD6 /* DateFilterView.swift */,
				E8BD18C42C638E8600D95FD6 /* LockView.swift */,
				E8BD18C82C6524A100D95FD6 /* FilterExpenseView.swift */,
			);
			path = Helpers;
			sourceTree = "<group>";
		};
/* End PBXGroup section */

/* Begin PBXNativeTarget section */
		E8BD188C2C60E8EC00D95FD6 /* ExpenseTracker */ = {
			isa = PBXNativeTarget;
			buildConfigurationList = E8BD189B2C60E8EE00D95FD6 /* Build configuration list for PBXNativeTarget "ExpenseTracker" */;
			buildPhases = (
				E8BD18892C60E8EC00D95FD6 /* Sources */,
				E8BD188A2C60E8EC00D95FD6 /* Frameworks */,
				E8BD188B2C60E8EC00D95FD6 /* Resources */,
			);
			buildRules = (
			);
			dependencies = (
			);
			name = ExpenseTracker;
			productName = ExpenseTracker;
			productReference = E8BD188D2C60E8EC00D95FD6 /* ExpenseTracker.app */;
			productType = "com.apple.product-type.application";
		};
/* End PBXNativeTarget section */

/* Begin PBXProject section */
		E8BD18852C60E8EC00D95FD6 /* Project object */ = {
			isa = PBXProject;
			attributes = {
				BuildIndependentTargetsInParallel = 1;
				LastSwiftUpdateCheck = 1540;
				LastUpgradeCheck = 1540;
				TargetAttributes = {
					E8BD188C2C60E8EC00D95FD6 = {
						CreatedOnToolsVersion = 15.4;
					};
				};
			};
			buildConfigurationList = E8BD18882C60E8EC00D95FD6 /* Build configuration list for PBXProject "ExpenseTracker" */;
			compatibilityVersion = "Xcode 14.0";
			developmentRegion = en;
			hasScannedForEncodings = 0;
			knownRegions = (
				en,
				Base,
			);
			mainGroup = E8BD18842C60E8EC00D95FD6;
			productRefGroup = E8BD188E2C60E8EC00D95FD6 /* Products */;
			projectDirPath = "";
			projectRoot = "";
			targets = (
				E8BD188C2C60E8EC00D95FD6 /* ExpenseTracker */,
			);
		};
/* End PBXProject section */

/* Begin PBXResourcesBuildPhase section */
		E8BD188B2C60E8EC00D95FD6 /* Resources */ = {
			isa = PBXResourcesBuildPhase;
			buildActionMask = 2147483647;
			files = (
				E8BD18982C60E8EE00D95FD6 /* Preview Assets.xcassets in Resources */,
				E8BD18952C60E8EE00D95FD6 /* Assets.xcassets in Resources */,
			);
			runOnlyForDeploymentPostprocessing = 0;
		};
/* End PBXResourcesBuildPhase section */

/* Begin PBXSourcesBuildPhase section */
		E8BD18892C60E8EC00D95FD6 /* Sources */ = {
			isa = PBXSourcesBuildPhase;
			buildActionMask = 2147483647;
			files = (
				E8BD18AD2C60FCCE00D95FD6 /* TintColor.swift in Sources */,
				E8BD18B02C60FEF200D95FD6 /* Recents.swift in Sources */,
				E8BD18C32C62BE2500D95FD6 /* DateFilterView.swift in Sources */,
				E8BD18AB2C60FC2300D95FD6 /* Transaction.swift in Sources */,
				E8BD18B82C61014B00D95FD6 /* View+Extenstions.swift in Sources */,
				E8BD18BD2C6247E900D95FD6 /* CardView.swift in Sources */,
				E8BD18A22C60E98700D95FD6 /* IntroView.swift in Sources */,
				E8BD18932C60E8EC00D95FD6 /* ContentView.swift in Sources */,
				E8BD18C72C64D83800D95FD6 /* NewExpenseView.swift in Sources */,
				E8BD18A72C60F0B200D95FD6 /* Tab.swift in Sources */,
				E8BD18C12C625DF800D95FD6 /* CustomSwipeActions.swift in Sources */,
				E8BD18B62C60FF4500D95FD6 /* Settings.swift in Sources */,
				E8BD18912C60E8EC00D95FD6 /* ExpenseTrackerApp.swift in Sources */,
				E8BD18B22C60FF0500D95FD6 /* Search.swift in Sources */,
				E8BD18C92C6524A100D95FD6 /* FilterExpenseView.swift in Sources */,
				E8BD18A52C60ECC000D95FD6 /* Constants.swift in Sources */,
				E8BD18C52C638E8600D95FD6 /* LockView.swift in Sources */,
				E8BD18BA2C6244CC00D95FD6 /* Date+Extension.swift in Sources */,
				E8BD18B42C60FF3800D95FD6 /* Graphs.swift in Sources */,
				E8BD18A92C60FBD500D95FD6 /* Category.swift in Sources */,
				E8BD18BF2C62559200D95FD6 /* TransactionCardView.swift in Sources */,
			);
			runOnlyForDeploymentPostprocessing = 0;
		};
/* End PBXSourcesBuildPhase section */

/* Begin XCBuildConfiguration section */
		E8BD18992C60E8EE00D95FD6 /* Debug */ = {
			isa = XCBuildConfiguration;
			buildSettings = {
				ALWAYS_SEARCH_USER_PATHS = NO;
				ASSETCATALOG_COMPILER_GENERATE_SWIFT_ASSET_SYMBOL_EXTENSIONS = YES;
				CLANG_ANALYZER_NONNULL = YES;
				CLANG_ANALYZER_NUMBER_OBJECT_CONVERSION = YES_AGGRESSIVE;
				CLANG_CXX_LANGUAGE_STANDARD = "gnu++20";
				CLANG_ENABLE_MODULES = YES;
				CLANG_ENABLE_OBJC_ARC = YES;
				CLANG_ENABLE_OBJC_WEAK = YES;
				CLANG_WARN_BLOCK_CAPTURE_AUTORELEASING = YES;
				CLANG_WARN_BOOL_CONVERSION = YES;
				CLANG_WARN_COMMA = YES;
				CLANG_WARN_CONSTANT_CONVERSION = YES;
				CLANG_WARN_DEPRECATED_OBJC_IMPLEMENTATIONS = YES;
				CLANG_WARN_DIRECT_OBJC_ISA_USAGE = YES_ERROR;
				CLANG_WARN_DOCUMENTATION_COMMENTS = YES;
				CLANG_WARN_EMPTY_BODY = YES;
				CLANG_WARN_ENUM_CONVERSION = YES;
				CLANG_WARN_INFINITE_RECURSION = YES;
				CLANG_WARN_INT_CONVERSION = YES;
				CLANG_WARN_NON_LITERAL_NULL_CONVERSION = YES;
				CLANG_WARN_OBJC_IMPLICIT_RETAIN_SELF = YES;
				CLANG_WARN_OBJC_LITERAL_CONVERSION = YES;
				CLANG_WARN_OBJC_ROOT_CLASS = YES_ERROR;
				CLANG_WARN_QUOTED_INCLUDE_IN_FRAMEWORK_HEADER = YES;
				CLANG_WARN_RANGE_LOOP_ANALYSIS = YES;
				CLANG_WARN_STRICT_PROTOTYPES = YES;
				CLANG_WARN_SUSPICIOUS_MOVE = YES;
				CLANG_WARN_UNGUARDED_AVAILABILITY = YES_AGGRESSIVE;
				CLANG_WARN_UNREACHABLE_CODE = YES;
				CLANG_WARN__DUPLICATE_METHOD_MATCH = YES;
				COPY_PHASE_STRIP = NO;
				DEBUG_INFORMATION_FORMAT = dwarf;
				ENABLE_STRICT_OBJC_MSGSEND = YES;
				ENABLE_TESTABILITY = YES;
				ENABLE_USER_SCRIPT_SANDBOXING = YES;
				GCC_C_LANGUAGE_STANDARD = gnu17;
				GCC_DYNAMIC_NO_PIC = NO;
				GCC_NO_COMMON_BLOCKS = YES;
				GCC_OPTIMIZATION_LEVEL = 0;
				GCC_PREPROCESSOR_DEFINITIONS = (
					"DEBUG=1",
					"$(inherited)",
				);
				GCC_WARN_64_TO_32_BIT_CONVERSION = YES;
				GCC_WARN_ABOUT_RETURN_TYPE = YES_ERROR;
				GCC_WARN_UNDECLARED_SELECTOR = YES;
				GCC_WARN_UNINITIALIZED_AUTOS = YES_AGGRESSIVE;
				GCC_WARN_UNUSED_FUNCTION = YES;
				GCC_WARN_UNUSED_VARIABLE = YES;
				IPHONEOS_DEPLOYMENT_TARGET = 17.5;
				LOCALIZATION_PREFERS_STRING_CATALOGS = YES;
				MTL_ENABLE_DEBUG_INFO = INCLUDE_SOURCE;
				MTL_FAST_MATH = YES;
				ONLY_ACTIVE_ARCH = YES;
				SDKROOT = iphoneos;
				SWIFT_ACTIVE_COMPILATION_CONDITIONS = "DEBUG $(inherited)";
				SWIFT_OPTIMIZATION_LEVEL = "-Onone";
			};
			name = Debug;
		};
		E8BD189A2C60E8EE00D95FD6 /* Release */ = {
			isa = XCBuildConfiguration;
			buildSettings = {
				ALWAYS_SEARCH_USER_PATHS = NO;
				ASSETCATALOG_COMPILER_GENERATE_SWIFT_ASSET_SYMBOL_EXTENSIONS = YES;
				CLANG_ANALYZER_NONNULL = YES;
				CLANG_ANALYZER_NUMBER_OBJECT_CONVERSION = YES_AGGRESSIVE;
				CLANG_CXX_LANGUAGE_STANDARD = "gnu++20";
				CLANG_ENABLE_MODULES = YES;
				CLANG_ENABLE_OBJC_ARC = YES;
				CLANG_ENABLE_OBJC_WEAK = YES;
				CLANG_WARN_BLOCK_CAPTURE_AUTORELEASING = YES;
				CLANG_WARN_BOOL_CONVERSION = YES;
				CLANG_WARN_COMMA = YES;
				CLANG_WARN_CONSTANT_CONVERSION = YES;
				CLANG_WARN_DEPRECATED_OBJC_IMPLEMENTATIONS = YES;
				CLANG_WARN_DIRECT_OBJC_ISA_USAGE = YES_ERROR;
				CLANG_WARN_DOCUMENTATION_COMMENTS = YES;
				CLANG_WARN_EMPTY_BODY = YES;
				CLANG_WARN_ENUM_CONVERSION = YES;
				CLANG_WARN_INFINITE_RECURSION = YES;
				CLANG_WARN_INT_CONVERSION = YES;
				CLANG_WARN_NON_LITERAL_NULL_CONVERSION = YES;
				CLANG_WARN_OBJC_IMPLICIT_RETAIN_SELF = YES;
				CLANG_WARN_OBJC_LITERAL_CONVERSION = YES;
				CLANG_WARN_OBJC_ROOT_CLASS = YES_ERROR;
				CLANG_WARN_QUOTED_INCLUDE_IN_FRAMEWORK_HEADER = YES;
				CLANG_WARN_RANGE_LOOP_ANALYSIS = YES;
				CLANG_WARN_STRICT_PROTOTYPES = YES;
				CLANG_WARN_SUSPICIOUS_MOVE = YES;
				CLANG_WARN_UNGUARDED_AVAILABILITY = YES_AGGRESSIVE;
				CLANG_WARN_UNREACHABLE_CODE = YES;
				CLANG_WARN__DUPLICATE_METHOD_MATCH = YES;
				COPY_PHASE_STRIP = NO;
				DEBUG_INFORMATION_FORMAT = "dwarf-with-dsym";
				ENABLE_NS_ASSERTIONS = NO;
				ENABLE_STRICT_OBJC_MSGSEND = YES;
				ENABLE_USER_SCRIPT_SANDBOXING = YES;
				GCC_C_LANGUAGE_STANDARD = gnu17;
				GCC_NO_COMMON_BLOCKS = YES;
				GCC_WARN_64_TO_32_BIT_CONVERSION = YES;
				GCC_WARN_ABOUT_RETURN_TYPE = YES_ERROR;
				GCC_WARN_UNDECLARED_SELECTOR = YES;
				GCC_WARN_UNINITIALIZED_AUTOS = YES_AGGRESSIVE;
				GCC_WARN_UNUSED_FUNCTION = YES;
				GCC_WARN_UNUSED_VARIABLE = YES;
				IPHONEOS_DEPLOYMENT_TARGET = 17.5;
				LOCALIZATION_PREFERS_STRING_CATALOGS = YES;
				MTL_ENABLE_DEBUG_INFO = NO;
				MTL_FAST_MATH = YES;
				SDKROOT = iphoneos;
				SWIFT_COMPILATION_MODE = wholemodule;
				VALIDATE_PRODUCT = YES;
			};
			name = Release;
		};
		E8BD189C2C60E8EE00D95FD6 /* Debug */ = {
			isa = XCBuildConfiguration;
			buildSettings = {
				ASSETCATALOG_COMPILER_APPICON_NAME = AppIcon;
				ASSETCATALOG_COMPILER_GLOBAL_ACCENT_COLOR_NAME = AccentColor;
				CODE_SIGN_STYLE = Automatic;
				CURRENT_PROJECT_VERSION = 1;
				DEVELOPMENT_ASSET_PATHS = "\"ExpenseTracker/Preview Content\"";
				DEVELOPMENT_TEAM = 9ZR9YLQLYW;
				ENABLE_PREVIEWS = YES;
				GENERATE_INFOPLIST_FILE = YES;
				INFOPLIST_KEY_NSFaceIDUsageDescription = "Lock the App";
				INFOPLIST_KEY_UIApplicationSceneManifest_Generation = YES;
				INFOPLIST_KEY_UIApplicationSupportsIndirectInputEvents = YES;
				INFOPLIST_KEY_UILaunchScreen_Generation = YES;
				INFOPLIST_KEY_UISupportedInterfaceOrientations_iPad = "UIInterfaceOrientationPortrait UIInterfaceOrientationPortraitUpsideDown UIInterfaceOrientationLandscapeLeft UIInterfaceOrientationLandscapeRight";
				INFOPLIST_KEY_UISupportedInterfaceOrientations_iPhone = "UIInterfaceOrientationPortrait UIInterfaceOrientationLandscapeLeft UIInterfaceOrientationLandscapeRight";
				LD_RUNPATH_SEARCH_PATHS = (
					"$(inherited)",
					"@executable_path/Frameworks",
				);
				MARKETING_VERSION = 1.0;
				PRODUCT_BUNDLE_IDENTIFIER = com.rabieHs.ExpenseTracker;
				PRODUCT_NAME = "$(TARGET_NAME)";
				SWIFT_EMIT_LOC_STRINGS = YES;
				SWIFT_VERSION = 5.0;
				TARGETED_DEVICE_FAMILY = "1,2";
			};
			name = Debug;
		};
		E8BD189D2C60E8EE00D95FD6 /* Release */ = {
			isa = XCBuildConfiguration;
			buildSettings = {
				ASSETCATALOG_COMPILER_APPICON_NAME = AppIcon;
				ASSETCATALOG_COMPILER_GLOBAL_ACCENT_COLOR_NAME = AccentColor;
				CODE_SIGN_STYLE = Automatic;
				CURRENT_PROJECT_VERSION = 1;
				DEVELOPMENT_ASSET_PATHS = "\"ExpenseTracker/Preview Content\"";
				DEVELOPMENT_TEAM = 9ZR9YLQLYW;
				ENABLE_PREVIEWS = YES;
				GENERATE_INFOPLIST_FILE = YES;
				INFOPLIST_KEY_NSFaceIDUsageDescription = "Lock the App";
				INFOPLIST_KEY_UIApplicationSceneManifest_Generation = YES;
				INFOPLIST_KEY_UIApplicationSupportsIndirectInputEvents = YES;
				INFOPLIST_KEY_UILaunchScreen_Generation = YES;
				INFOPLIST_KEY_UISupportedInterfaceOrientations_iPad = "UIInterfaceOrientationPortrait UIInterfaceOrientationPortraitUpsideDown UIInterfaceOrientationLandscapeLeft UIInterfaceOrientationLandscapeRight";
				INFOPLIST_KEY_UISupportedInterfaceOrientations_iPhone = "UIInterfaceOrientationPortrait UIInterfaceOrientationLandscapeLeft UIInterfaceOrientationLandscapeRight";
				LD_RUNPATH_SEARCH_PATHS = (
					"$(inherited)",
					"@executable_path/Frameworks",
				);
				MARKETING_VERSION = 1.0;
				PRODUCT_BUNDLE_IDENTIFIER = com.rabieHs.ExpenseTracker;
				PRODUCT_NAME = "$(TARGET_NAME)";
				SWIFT_EMIT_LOC_STRINGS = YES;
				SWIFT_VERSION = 5.0;
				TARGETED_DEVICE_FAMILY = "1,2";
			};
			name = Release;
		};
/* End XCBuildConfiguration section */

/* Begin XCConfigurationList section */
		E8BD18882C60E8EC00D95FD6 /* Build configuration list for PBXProject "ExpenseTracker" */ = {
			isa = XCConfigurationList;
			buildConfigurations = (
				E8BD18992C60E8EE00D95FD6 /* Debug */,
				E8BD189A2C60E8EE00D95FD6 /* Release */,
			);
			defaultConfigurationIsVisible = 0;
			defaultConfigurationName = Release;
		};
		E8BD189B2C60E8EE00D95FD6 /* Build configuration list for PBXNativeTarget "ExpenseTracker" */ = {
			isa = XCConfigurationList;
			buildConfigurations = (
				E8BD189C2C60E8EE00D95FD6 /* Debug */,
				E8BD189D2C60E8EE00D95FD6 /* Release */,
			);
			defaultConfigurationIsVisible = 0;
			defaultConfigurationName = Release;
		};
/* End XCConfigurationList section */
	};
	rootObject = E8BD18852C60E8EC00D95FD6 /* Project object */;
}
